
Microsoft Visual Studio Solution File, Format Version 12.00
# Visual Studio Version 16
VisualStudioVersion = 16.0.34031.81
MinimumVisualStudioVersion = 10.0.40219.1
Project("{FAE04EC0-301F-11D3-BF4B-00C04F79EFBC}") = "BaiTap_05", "BaiTap_05\BaiTap_05.csproj", "{CF71CAE8-5DDA-4842-8211-DB99DA62B841}"
EndProject
Global
	GlobalSection(SolutionConfigurationPlatforms) = preSolution
		Debug|Any CPU = Debug|Any CPU
		Release|Any CPU = Release|Any CPU
	EndGlobalSection
	GlobalSection(ProjectConfigurationPlatforms) = postSolution
		{CF71CAE8-5DDA-4842-8211-DB99DA62B841}.Debug|Any CPU.ActiveCfg = Debug|Any CPU
		{CF71CAE8-5DDA-4842-8211-DB99DA62B841}.Debug|Any CPU.Build.0 = Debug|Any CPU
		{CF71CAE8-5DDA-4842-8211-DB99DA62B841}.Release|Any CPU.ActiveCfg = Release|Any CPU
		{CF71CAE8-5DDA-4842-8211-DB99DA62B841}.Release|Any CPU.Build.0 = Release|Any CPU
	EndGlobalSection
	GlobalSection(SolutionProperties) = preSolution
		HideSolutionNode = FALSE
	EndGlobalSection
	GlobalSection(ExtensibilityGlobals) = postSolution
		SolutionGuid = {54C7E523-9FB1-4C12-803D-6FE93E4ABCD7}
	EndGlobalSection
EndGlobal
